
Microsoft Visual Studio Solution File, Format Version 12.00
# Visual Studio 15
VisualStudioVersion = 15.0.28010.2046
MinimumVisualStudioVersion = 10.0.40219.1
Project("{FAE04EC0-301F-11D3-BF4B-00C04F79EFBC}") = "MInuTeretus", "MInuTeretus\MInuTeretus.csproj", "{B6230C14-975C-40FC-AD20-04DE1A5B41A5}"
EndProject
Global
	GlobalSection(SolutionConfigurationPlatforms) = preSolution
		Debug|Any CPU = Debug|Any CPU
		Release|Any CPU = Release|Any CPU
	EndGlobalSection
	GlobalSection(ProjectConfigurationPlatforms) = postSolution
		{B6230C14-975C-40FC-AD20-04DE1A5B41A5}.Debug|Any CPU.ActiveCfg = Debug|Any CPU
		{B6230C14-975C-40FC-AD20-04DE1A5B41A5}.Debug|Any CPU.Build.0 = Debug|Any CPU
		{B6230C14-975C-40FC-AD20-04DE1A5B41A5}.Release|Any CPU.ActiveCfg = Release|Any CPU
		{B6230C14-975C-40FC-AD20-04DE1A5B41A5}.Release|Any CPU.Build.0 = Release|Any CPU
	EndGlobalSection
	GlobalSection(SolutionProperties) = preSolution
		HideSolutionNode = FALSE
	EndGlobalSection
	GlobalSection(ExtensibilityGlobals) = postSolution
		SolutionGuid = {C28C01EC-6C6B-4A38-B226-AF10FCF17B39}
	EndGlobalSection
EndGlobal
