
Microsoft Visual Studio Solution File, Format Version 12.00
# Visual Studio 15
VisualStudioVersion = 15.0.28010.2046
MinimumVisualStudioVersion = 10.0.40219.1
Project("{FAE04EC0-301F-11D3-BF4B-00C04F79EFBC}") = "Tingimuslaused", "Tingimuslaused\Tingimuslaused.csproj", "{B96B0351-CD4F-46CF-AC33-7F33DF2F0D90}"
EndProject
Global
	GlobalSection(SolutionConfigurationPlatforms) = preSolution
		Debug|Any CPU = Debug|Any CPU
		Release|Any CPU = Release|Any CPU
	EndGlobalSection
	GlobalSection(ProjectConfigurationPlatforms) = postSolution
		{B96B0351-CD4F-46CF-AC33-7F33DF2F0D90}.Debug|Any CPU.ActiveCfg = Debug|Any CPU
		{B96B0351-CD4F-46CF-AC33-7F33DF2F0D90}.Debug|Any CPU.Build.0 = Debug|Any CPU
		{B96B0351-CD4F-46CF-AC33-7F33DF2F0D90}.Release|Any CPU.ActiveCfg = Release|Any CPU
		{B96B0351-CD4F-46CF-AC33-7F33DF2F0D90}.Release|Any CPU.Build.0 = Release|Any CPU
	EndGlobalSection
	GlobalSection(SolutionProperties) = preSolution
		HideSolutionNode = FALSE
	EndGlobalSection
	GlobalSection(ExtensibilityGlobals) = postSolution
		SolutionGuid = {F76F03FF-2C19-4D88-98BB-E06F787A24B3}
	EndGlobalSection
EndGlobal
